
Microsoft Visual Studio Solution File, Format Version 12.00
# Visual Studio Version 17
VisualStudioVersion = 17.3.32811.315
MinimumVisualStudioVersion = 10.0.40219.1
Project("{FAE04EC0-301F-11D3-BF4B-00C04F79EFBC}") = "WebApplication1", "WebApplication1\WebApplication1.csproj", "{94242E5D-C556-486F-9111-AE8394C65C27}"
EndProject
Global
	GlobalSection(SolutionConfigurationPlatforms) = preSolution
		Debug|Any CPU = Debug|Any CPU
		Release|Any CPU = Release|Any CPU
	EndGlobalSection
	GlobalSection(ProjectConfigurationPlatforms) = postSolution
		{94242E5D-C556-486F-9111-AE8394C65C27}.Debug|Any CPU.ActiveCfg = Debug|Any CPU
		{94242E5D-C556-486F-9111-AE8394C65C27}.Debug|Any CPU.Build.0 = Debug|Any CPU
		{94242E5D-C556-486F-9111-AE8394C65C27}.Release|Any CPU.ActiveCfg = Release|Any CPU
		{94242E5D-C556-486F-9111-AE8394C65C27}.Release|Any CPU.Build.0 = Release|Any CPU
	EndGlobalSection
	GlobalSection(SolutionProperties) = preSolution
		HideSolutionNode = FALSE
	EndGlobalSection
	GlobalSection(ExtensibilityGlobals) = postSolution
		SolutionGuid = {9C532AF4-FE96-45BE-B7E5-BA38351419FE}
	EndGlobalSection
EndGlobal
